
Microsoft Visual Studio Solution File, Format Version 12.00
# Visual Studio 14
VisualStudioVersion = 14.0.25420.1
MinimumVisualStudioVersion = 10.0.40219.1
Project("{FAE04EC0-301F-11D3-BF4B-00C04F79EFBC}") = "Projekt", "Projekt\Projekt.csproj", "{1A8621FB-534D-4770-8D5C-3AF530481777}"
EndProject
Project("{FAE04EC0-301F-11D3-BF4B-00C04F79EFBC}") = "ProjektTests2", "ProjektTests2\ProjektTests2.csproj", "{28D3C6DB-8F54-4E9B-94C7-5787A3D68061}"
EndProject
Global
	GlobalSection(SolutionConfigurationPlatforms) = preSolution
		Debug|Any CPU = Debug|Any CPU
		Release|Any CPU = Release|Any CPU
	EndGlobalSection
	GlobalSection(ProjectConfigurationPlatforms) = postSolution
		{1A8621FB-534D-4770-8D5C-3AF530481777}.Debug|Any CPU.ActiveCfg = Debug|Any CPU
		{1A8621FB-534D-4770-8D5C-3AF530481777}.Debug|Any CPU.Build.0 = Debug|Any CPU
		{1A8621FB-534D-4770-8D5C-3AF530481777}.Release|Any CPU.ActiveCfg = Release|Any CPU
		{1A8621FB-534D-4770-8D5C-3AF530481777}.Release|Any CPU.Build.0 = Release|Any CPU
		{28D3C6DB-8F54-4E9B-94C7-5787A3D68061}.Debug|Any CPU.ActiveCfg = Debug|Any CPU
		{28D3C6DB-8F54-4E9B-94C7-5787A3D68061}.Debug|Any CPU.Build.0 = Debug|Any CPU
		{28D3C6DB-8F54-4E9B-94C7-5787A3D68061}.Release|Any CPU.ActiveCfg = Release|Any CPU
		{28D3C6DB-8F54-4E9B-94C7-5787A3D68061}.Release|Any CPU.Build.0 = Release|Any CPU
	EndGlobalSection
	GlobalSection(SolutionProperties) = preSolution
		HideSolutionNode = FALSE
	EndGlobalSection
EndGlobal
